
Microsoft Visual Studio Solution File, Format Version 12.00
# Visual Studio Version 17
VisualStudioVersion = 17.5.33516.290
MinimumVisualStudioVersion = 10.0.40219.1
Project("{9A19103F-16F7-4668-BE54-9A1E7A4F7556}") = "AppSqlDocker", "AppSqlDocker\AppSqlDocker.csproj", "{C8F100E9-0004-405B-AE5F-F571944B3C12}"
EndProject
Project("{FAE04EC0-301F-11D3-BF4B-00C04F79EFBC}") = "DAL", "DAL\DAL.csproj", "{4A9130F4-12F3-482D-A625-51116F946C1A}"
EndProject
Project("{FAE04EC0-301F-11D3-BF4B-00C04F79EFBC}") = "Contract", "Contract\Contract.csproj", "{59D1B47A-5E28-4765-B0E6-739AC6A69998}"
EndProject
Project("{FAE04EC0-301F-11D3-BF4B-00C04F79EFBC}") = "Bussiness", "Bussiness\Bussiness.csproj", "{81D78CF3-FE2D-4C15-8864-4F258FB04818}"
EndProject
Global
	GlobalSection(SolutionConfigurationPlatforms) = preSolution
		Debug|Any CPU = Debug|Any CPU
		Release|Any CPU = Release|Any CPU
	EndGlobalSection
	GlobalSection(ProjectConfigurationPlatforms) = postSolution
		{C8F100E9-0004-405B-AE5F-F571944B3C12}.Debug|Any CPU.ActiveCfg = Debug|Any CPU
		{C8F100E9-0004-405B-AE5F-F571944B3C12}.Debug|Any CPU.Build.0 = Debug|Any CPU
		{C8F100E9-0004-405B-AE5F-F571944B3C12}.Release|Any CPU.ActiveCfg = Release|Any CPU
		{C8F100E9-0004-405B-AE5F-F571944B3C12}.Release|Any CPU.Build.0 = Release|Any CPU
		{4A9130F4-12F3-482D-A625-51116F946C1A}.Debug|Any CPU.ActiveCfg = Debug|Any CPU
		{4A9130F4-12F3-482D-A625-51116F946C1A}.Debug|Any CPU.Build.0 = Debug|Any CPU
		{4A9130F4-12F3-482D-A625-51116F946C1A}.Release|Any CPU.ActiveCfg = Release|Any CPU
		{4A9130F4-12F3-482D-A625-51116F946C1A}.Release|Any CPU.Build.0 = Release|Any CPU
		{59D1B47A-5E28-4765-B0E6-739AC6A69998}.Debug|Any CPU.ActiveCfg = Debug|Any CPU
		{59D1B47A-5E28-4765-B0E6-739AC6A69998}.Debug|Any CPU.Build.0 = Debug|Any CPU
		{59D1B47A-5E28-4765-B0E6-739AC6A69998}.Release|Any CPU.ActiveCfg = Release|Any CPU
		{59D1B47A-5E28-4765-B0E6-739AC6A69998}.Release|Any CPU.Build.0 = Release|Any CPU
		{81D78CF3-FE2D-4C15-8864-4F258FB04818}.Debug|Any CPU.ActiveCfg = Debug|Any CPU
		{81D78CF3-FE2D-4C15-8864-4F258FB04818}.Debug|Any CPU.Build.0 = Debug|Any CPU
		{81D78CF3-FE2D-4C15-8864-4F258FB04818}.Release|Any CPU.ActiveCfg = Release|Any CPU
		{81D78CF3-FE2D-4C15-8864-4F258FB04818}.Release|Any CPU.Build.0 = Release|Any CPU
	EndGlobalSection
	GlobalSection(SolutionProperties) = preSolution
		HideSolutionNode = FALSE
	EndGlobalSection
	GlobalSection(ExtensibilityGlobals) = postSolution
		SolutionGuid = {90DE150F-E2E3-4106-BCE6-362116258EAE}
	EndGlobalSection
EndGlobal
